<Solution>
  <Folder Name="/Dependencies/">
    <Project Path="libs/Hermod/Hermod/Hermod.csproj" />
    <Project Path="libs/Hermod/HermodTests/HermodTests.csproj" />
    <Project Path="libs/Styx/Styx/Styx.csproj" />
  </Folder>
  <Project Path="HermodSSHTests/HermodSSHTests.csproj" />
  <Project Path="HermodSSHDemo/HermodSSHDemo.csproj" />
  <Project Path="HermodSSHInteropReport/HermodSSHInteropReport.csproj" />
  <Project Path="HermodSSHBenchmarks/HermodSSHBenchmarks.csproj" />
</Solution>
