<Solution>
  <Folder Name="/Dependencies/">
    <Project Path="libs/Hermod/Hermod/Hermod.csproj" />
    <Project Path="libs/Hermod/HermodTests/HermodTests.csproj" />
    <Project Path="libs/Styx/Styx/Styx.csproj" />
  </Folder>
  <Project Path="Tests/Tests.csproj" />
  <Project Path="Demo/Demo.csproj" />
  <Project Path="InteropReport/InteropReport.csproj" />
  <Project Path="Benchmarks/Benchmarks.csproj" />
</Solution>
